{
  "name": "konf",
  "version": "1.0.0",
  "lockfileVersion": 1,
  "requires": true,
  "dependencies": {
    "prettier": {
      "version": "2.4.1",
      "resolved": "https://registry.npmjs.org/prettier/-/prettier-2.4.1.tgz",
      "integrity": "sha512-9fbDAXSBcc6Bs1mZrDYb3XKzDLm4EXXL9sC1LqKP5rZkT6KRr/rf9amVUcODVXgguK/isJz0d0hP72WeaKWsvA=="
    },
    "typescript": {
      "version": "4.4.3",
      "resolved": "https://registry.npmjs.org/typescript/-/typescript-4.4.3.tgz",
      "integrity": "sha512-4xfscpisVgqqDfPaJo5vkd+Qd/ItkoagnHpufr+i2QCHBsNYp+G7UAoyFl8aPtx879u38wPV65rZ8qbGZijalA=="
    },
    "zod": {
      "version": "3.8.2",
      "resolved": "https://registry.npmjs.org/zod/-/zod-3.8.2.tgz",
      "integrity": "sha512-kpwVRACazsOhELVt5h4R2pC2OndrqaBK4+z134TWOsnzn7n2uOYnSyvx0QAn410pl28CgVtkSi5ew7e/AgO0oA=="
    }
  }
}
