{
    "name": "konf",
    "version": "1.0.0",
    "lockfileVersion": 2,
    "requires": true,
    "packages": {
        "": {
            "name": "konf",
            "version": "1.0.0",
            "license": "ISC",
            "dependencies": {
                "@types/node": "^16.10.0",
                "esbuild": "^0.13.2",
                "prettier": "^2.4.1",
                "source-map-support": "^0.5.20",
                "ts-node": "^10.2.1",
                "typescript": "^4.4.3",
                "zod": "^3.8.2"
            },
            "devDependencies": {}
        },
        "node_modules/@cspotcode/source-map-consumer": {
            "version": "0.8.0",
            "resolved": "https://registry.npmjs.org/@cspotcode/source-map-consumer/-/source-map-consumer-0.8.0.tgz",
            "integrity": "sha512-41qniHzTU8yAGbCp04ohlmSrZf8bkf/iJsl3V0dRGsQN/5GFfx+LbCSsCpp2gqrqjTVg/K6O8ycoV35JIwAzAg==",
            "engines": {
                "node": ">= 12"
            }
        },
        "node_modules/@cspotcode/source-map-support": {
            "version": "0.6.1",
            "resolved": "https://registry.npmjs.org/@cspotcode/source-map-support/-/source-map-support-0.6.1.tgz",
            "integrity": "sha512-DX3Z+T5dt1ockmPdobJS/FAsQPW4V4SrWEhD2iYQT2Cb2tQsiMnYxrcUH9By/Z3B+v0S5LMBkQtV/XOBbpLEOg==",
            "dependencies": {
                "@cspotcode/source-map-consumer": "0.8.0"
            },
            "engines": {
                "node": ">=12"
            }
        },
        "node_modules/@tsconfig/node10": {
            "version": "1.0.8",
            "resolved": "https://registry.npmjs.org/@tsconfig/node10/-/node10-1.0.8.tgz",
            "integrity": "sha512-6XFfSQmMgq0CFLY1MslA/CPUfhIL919M1rMsa5lP2P097N2Wd1sSX0tx1u4olM16fLNhtHZpRhedZJphNJqmZg=="
        },
        "node_modules/@tsconfig/node12": {
            "version": "1.0.9",
            "resolved": "https://registry.npmjs.org/@tsconfig/node12/-/node12-1.0.9.tgz",
            "integrity": "sha512-/yBMcem+fbvhSREH+s14YJi18sp7J9jpuhYByADT2rypfajMZZN4WQ6zBGgBKp53NKmqI36wFYDb3yaMPurITw=="
        },
        "node_modules/@tsconfig/node14": {
            "version": "1.0.1",
            "resolved": "https://registry.npmjs.org/@tsconfig/node14/-/node14-1.0.1.tgz",
            "integrity": "sha512-509r2+yARFfHHE7T6Puu2jjkoycftovhXRqW328PDXTVGKihlb1P8Z9mMZH04ebyajfRY7dedfGynlrFHJUQCg=="
        },
        "node_modules/@tsconfig/node16": {
            "version": "1.0.2",
            "resolved": "https://registry.npmjs.org/@tsconfig/node16/-/node16-1.0.2.tgz",
            "integrity": "sha512-eZxlbI8GZscaGS7kkc/trHTT5xgrjH3/1n2JDwusC9iahPKWMRvRjJSAN5mCXviuTGQ/lHnhvv8Q1YTpnfz9gA=="
        },
        "node_modules/@types/node": {
            "version": "16.10.0",
            "resolved": "https://registry.npmjs.org/@types/node/-/node-16.10.0.tgz",
            "integrity": "sha512-In+/vAdT+kkHigDSN9lUDDmzsIyKn5efDcwmGGnBtZVHnBv1oDVn6vC0ckic9FxSm+X0BGJGECpI1ZOg60E21g=="
        },
        "node_modules/acorn": {
            "version": "8.5.0",
            "resolved": "https://registry.npmjs.org/acorn/-/acorn-8.5.0.tgz",
            "integrity": "sha512-yXbYeFy+jUuYd3/CDcg2NkIYE991XYX/bje7LmjJigUciaeO1JR4XxXgCIV1/Zc/dRuFEyw1L0pbA+qynJkW5Q==",
            "bin": {
                "acorn": "bin/acorn"
            },
            "engines": {
                "node": ">=0.4.0"
            }
        },
        "node_modules/acorn-walk": {
            "version": "8.2.0",
            "resolved": "https://registry.npmjs.org/acorn-walk/-/acorn-walk-8.2.0.tgz",
            "integrity": "sha512-k+iyHEuPgSw6SbuDpGQM+06HQUa04DZ3o+F6CSzXMvvI5KMvnaEqXe+YVe555R9nn6GPt404fos4wcgpw12SDA==",
            "engines": {
                "node": ">=0.4.0"
            }
        },
        "node_modules/arg": {
            "version": "4.1.3",
            "resolved": "https://registry.npmjs.org/arg/-/arg-4.1.3.tgz",
            "integrity": "sha512-58S9QDqG0Xx27YwPSt9fJxivjYl432YCwfDMfZ+71RAqUrZef7LrKQZ3LHLOwCS4FLNBplP533Zx895SeOCHvA=="
        },
        "node_modules/buffer-from": {
            "version": "1.1.2",
            "resolved": "https://registry.npmjs.org/buffer-from/-/buffer-from-1.1.2.tgz",
            "integrity": "sha512-E+XQCRwSbaaiChtv6k6Dwgc+bx+Bs6vuKJHHl5kox/BaKbhiXzqQOwK4cO22yElGp2OCmjwVhT3HmxgyPGnJfQ=="
        },
        "node_modules/create-require": {
            "version": "1.1.1",
            "resolved": "https://registry.npmjs.org/create-require/-/create-require-1.1.1.tgz",
            "integrity": "sha512-dcKFX3jn0MpIaXjisoRvexIJVEKzaq7z2rZKxf+MSr9TkdmHmsU4m2lcLojrj/FHl8mk5VxMmYA+ftRkP/3oKQ=="
        },
        "node_modules/diff": {
            "version": "4.0.2",
            "resolved": "https://registry.npmjs.org/diff/-/diff-4.0.2.tgz",
            "integrity": "sha512-58lmxKSA4BNyLz+HHMUzlOEpg09FV+ev6ZMe3vJihgdxzgcwZ8VoEEPmALCZG9LmqfVoNMMKpttIYTVG6uDY7A==",
            "engines": {
                "node": ">=0.3.1"
            }
        },
        "node_modules/esbuild": {
            "version": "0.13.2",
            "resolved": "https://registry.npmjs.org/esbuild/-/esbuild-0.13.2.tgz",
            "integrity": "sha512-/tpIqo45hyRREGqh7hsIut8GwY1X2n9IhKbIwRIXUO6IohzG3/RarSGX7dT2eNvYzIbQmelpX+ZyuIphE5u+Bw==",
            "hasInstallScript": true,
            "bin": {
                "esbuild": "bin/esbuild"
            },
            "optionalDependencies": {
                "esbuild-android-arm64": "0.13.2",
                "esbuild-darwin-64": "0.13.2",
                "esbuild-darwin-arm64": "0.13.2",
                "esbuild-freebsd-64": "0.13.2",
                "esbuild-freebsd-arm64": "0.13.2",
                "esbuild-linux-32": "0.13.2",
                "esbuild-linux-64": "0.13.2",
                "esbuild-linux-arm": "0.13.2",
                "esbuild-linux-arm64": "0.13.2",
                "esbuild-linux-mips64le": "0.13.2",
                "esbuild-linux-ppc64le": "0.13.2",
                "esbuild-openbsd-64": "0.13.2",
                "esbuild-sunos-64": "0.13.2",
                "esbuild-windows-32": "0.13.2",
                "esbuild-windows-64": "0.13.2",
                "esbuild-windows-arm64": "0.13.2"
            }
        },
        "node_modules/esbuild-android-arm64": {
            "version": "0.13.2",
            "resolved": "https://registry.npmjs.org/esbuild-android-arm64/-/esbuild-android-arm64-0.13.2.tgz",
            "integrity": "sha512-Eh2paXUWYqf5JgikdkC0LnhtjSC8tGAz/L2kJRlMC0o3DzOBIxcmT2fdzBerdhW4roY0bOExfcO6deI1qsxI/A==",
            "cpu": [
                "arm64"
            ],
            "optional": true,
            "os": [
                "android"
            ]
        },
        "node_modules/esbuild-darwin-64": {
            "version": "0.13.2",
            "resolved": "https://registry.npmjs.org/esbuild-darwin-64/-/esbuild-darwin-64-0.13.2.tgz",
            "integrity": "sha512-jqp6uXHIIAWZ8kxRqFjxyMmIE1cuSbINellwwigOgk44eLg74ls82oqjY72MbDAowPivQkOU/fF7tsyaGQf5Zg==",
            "cpu": [
                "x64"
            ],
            "optional": true,
            "os": [
                "darwin"
            ]
        },
        "node_modules/esbuild-darwin-arm64": {
            "version": "0.13.2",
            "resolved": "https://registry.npmjs.org/esbuild-darwin-arm64/-/esbuild-darwin-arm64-0.13.2.tgz",
            "integrity": "sha512-bD4oAyPZdzOWEA/JoX0sAitOhjJRwhomhWMeyRyowtlVQhQleG2ijRUKTvkq4CAvSobrW5EnZxjvHNKJ5L7zJg==",
            "cpu": [
                "arm64"
            ],
            "optional": true,
            "os": [
                "darwin"
            ]
        },
        "node_modules/esbuild-freebsd-64": {
            "version": "0.13.2",
            "resolved": "https://registry.npmjs.org/esbuild-freebsd-64/-/esbuild-freebsd-64-0.13.2.tgz",
            "integrity": "sha512-fFJ0yc3lZyfwca+F5OPN/s+izozWryUQpN8aUMIdUkOa7UKX0h3xXrKnkDgdOo8vy3d1A6zHH0/4f2VJfEzLCg==",
            "cpu": [
                "x64"
            ],
            "optional": true,
            "os": [
                "freebsd"
            ]
        },
        "node_modules/esbuild-freebsd-arm64": {
            "version": "0.13.2",
            "resolved": "https://registry.npmjs.org/esbuild-freebsd-arm64/-/esbuild-freebsd-arm64-0.13.2.tgz",
            "integrity": "sha512-DWBZauEfjmqdfWxIacI+KBEim3ulOjtvK+WVm1bX67XlfyUVIkD915OIfT2EBhQUWmv+Z0tZZwskSMNj5DKojw==",
            "cpu": [
                "arm64"
            ],
            "optional": true,
            "os": [
                "freebsd"
            ]
        },
        "node_modules/esbuild-linux-32": {
            "version": "0.13.2",
            "resolved": "https://registry.npmjs.org/esbuild-linux-32/-/esbuild-linux-32-0.13.2.tgz",
            "integrity": "sha512-Gt2rNqqRCRh1QQC2d83KP0iWIXWQYpns7l2+41a1n0PQxXkQ5AarpjjL9mUzdXtcZauNXbUvWwBKAuBTCW+XQg==",
            "cpu": [
                "ia32"
            ],
            "optional": true,
            "os": [
                "linux"
            ]
        },
        "node_modules/esbuild-linux-64": {
            "version": "0.13.2",
            "resolved": "https://registry.npmjs.org/esbuild-linux-64/-/esbuild-linux-64-0.13.2.tgz",
            "integrity": "sha512-yT0D5Xly8oGHuqq975k1XUyULHzk3fN/ZlTY+awlU+nCFsYPZ43NE5msGpxlNQu8i6KOXQEke5GXN3y5d+Zd4g==",
            "cpu": [
                "x64"
            ],
            "optional": true,
            "os": [
                "linux"
            ]
        },
        "node_modules/esbuild-linux-arm": {
            "version": "0.13.2",
            "resolved": "https://registry.npmjs.org/esbuild-linux-arm/-/esbuild-linux-arm-0.13.2.tgz",
            "integrity": "sha512-KXeyotqj9jbvCjbSpwnxDE8E8jKoBgrgbJpOvvY5Zz7Pp2fAwu/94vWQtE/jPEJndY4C4MSs+ryJLFWzmLOa4w==",
            "cpu": [
                "arm"
            ],
            "optional": true,
            "os": [
                "linux"
            ]
        },
        "node_modules/esbuild-linux-arm64": {
            "version": "0.13.2",
            "resolved": "https://registry.npmjs.org/esbuild-linux-arm64/-/esbuild-linux-arm64-0.13.2.tgz",
            "integrity": "sha512-qwXL+3NDCWiC8RMKBBETpuOWdC+pUAUS+pwg9jJmapYblLdVKkyRtwF/ogj06TdYs6riSSNikW8HK/Xs0HHbbQ==",
            "cpu": [
                "arm64"
            ],
            "optional": true,
            "os": [
                "linux"
            ]
        },
        "node_modules/esbuild-linux-mips64le": {
            "version": "0.13.2",
            "resolved": "https://registry.npmjs.org/esbuild-linux-mips64le/-/esbuild-linux-mips64le-0.13.2.tgz",
            "integrity": "sha512-sx8eheRX2XC2ppNAsbQm8/VUcU8XPYGpJK0BEyRefqHONz6u5Ib2guUdOz2Wh4YlbA7oOd482lHjprXSTwUcrQ==",
            "cpu": [
                "mips64el"
            ],
            "optional": true,
            "os": [
                "linux"
            ]
        },
        "node_modules/esbuild-linux-ppc64le": {
            "version": "0.13.2",
            "resolved": "https://registry.npmjs.org/esbuild-linux-ppc64le/-/esbuild-linux-ppc64le-0.13.2.tgz",
            "integrity": "sha512-y8iZ3qy2TIAKKsZ6xSopCztHOtGW9oiYDl22vQ0UIoVWjnfRKrbSzX7Y2F94y32hSvRWle6OhAIC+UpS5nQmIA==",
            "cpu": [
                "ppc64"
            ],
            "optional": true,
            "os": [
                "linux"
            ]
        },
        "node_modules/esbuild-openbsd-64": {
            "version": "0.13.2",
            "resolved": "https://registry.npmjs.org/esbuild-openbsd-64/-/esbuild-openbsd-64-0.13.2.tgz",
            "integrity": "sha512-g6AYrjBeV9OK624bw0KQ1TjHJQSW+X1Yicyd1NvDWqSFpMqKAjw7EUX4tA87mOFqv8BflPGr4f43ySgNvSVzIw==",
            "cpu": [
                "x64"
            ],
            "optional": true,
            "os": [
                "openbsd"
            ]
        },
        "node_modules/esbuild-sunos-64": {
            "version": "0.13.2",
            "resolved": "https://registry.npmjs.org/esbuild-sunos-64/-/esbuild-sunos-64-0.13.2.tgz",
            "integrity": "sha512-hIXvFIyrqwFd6v62XSra0ctCUXDS9Tu5D6QYbvnbhEoBmvD/TmEJRYRH48/+xmRifKJLzu6aegcrjAsDmaww7g==",
            "cpu": [
                "x64"
            ],
            "optional": true,
            "os": [
                "sunos"
            ]
        },
        "node_modules/esbuild-windows-32": {
            "version": "0.13.2",
            "resolved": "https://registry.npmjs.org/esbuild-windows-32/-/esbuild-windows-32-0.13.2.tgz",
            "integrity": "sha512-Y767LG0NFkw0sPoDVOTKC5gaj4vURjjWfSCCDV5awpXXxBKOF2zsIp3aia4KvVoivoSSeRPk3emDd0OPHuPrKg==",
            "cpu": [
                "ia32"
            ],
            "optional": true,
            "os": [
                "win32"
            ]
        },
        "node_modules/esbuild-windows-64": {
            "version": "0.13.2",
            "resolved": "https://registry.npmjs.org/esbuild-windows-64/-/esbuild-windows-64-0.13.2.tgz",
            "integrity": "sha512-01b59kVJUMasctn6lzswC0drchr7zO75QtF22o5w0nlOw0Zorw0loY/8i5choFuWc30gXJId9qBSc1zPvt7uEw==",
            "cpu": [
                "x64"
            ],
            "optional": true,
            "os": [
                "win32"
            ]
        },
        "node_modules/esbuild-windows-arm64": {
            "version": "0.13.2",
            "resolved": "https://registry.npmjs.org/esbuild-windows-arm64/-/esbuild-windows-arm64-0.13.2.tgz",
            "integrity": "sha512-HxyY604ytmh8NkPYyS1TdIB/bFS7DWd1hP90e8Ovo/elEdN5I13h0tyIatDYZkXKS0Ztk+9T/3h6K0fI1a/4tQ==",
            "cpu": [
                "arm64"
            ],
            "optional": true,
            "os": [
                "win32"
            ]
        },
        "node_modules/make-error": {
            "version": "1.3.6",
            "resolved": "https://registry.npmjs.org/make-error/-/make-error-1.3.6.tgz",
            "integrity": "sha512-s8UhlNe7vPKomQhC1qFelMokr/Sc3AgNbso3n74mVPA5LTZwkB9NlXf4XPamLxJE8h0gh73rM94xvwRT2CVInw=="
        },
        "node_modules/prettier": {
            "version": "2.4.1",
            "resolved": "https://registry.npmjs.org/prettier/-/prettier-2.4.1.tgz",
            "integrity": "sha512-9fbDAXSBcc6Bs1mZrDYb3XKzDLm4EXXL9sC1LqKP5rZkT6KRr/rf9amVUcODVXgguK/isJz0d0hP72WeaKWsvA==",
            "bin": {
                "prettier": "bin-prettier.js"
            },
            "engines": {
                "node": ">=10.13.0"
            }
        },
        "node_modules/source-map": {
            "version": "0.6.1",
            "resolved": "https://registry.npmjs.org/source-map/-/source-map-0.6.1.tgz",
            "integrity": "sha512-UjgapumWlbMhkBgzT7Ykc5YXUT46F0iKu8SGXq0bcwP5dz/h0Plj6enJqjz1Zbq2l5WaqYnrVbwWOWMyF3F47g==",
            "engines": {
                "node": ">=0.10.0"
            }
        },
        "node_modules/source-map-support": {
            "version": "0.5.20",
            "resolved": "https://registry.npmjs.org/source-map-support/-/source-map-support-0.5.20.tgz",
            "integrity": "sha512-n1lZZ8Ve4ksRqizaBQgxXDgKwttHDhyfQjA6YZZn8+AroHbsIz+JjwxQDxbp+7y5OYCI8t1Yk7etjD9CRd2hIw==",
            "dependencies": {
                "buffer-from": "^1.0.0",
                "source-map": "^0.6.0"
            }
        },
        "node_modules/ts-node": {
            "version": "10.2.1",
            "resolved": "https://registry.npmjs.org/ts-node/-/ts-node-10.2.1.tgz",
            "integrity": "sha512-hCnyOyuGmD5wHleOQX6NIjJtYVIO8bPP8F2acWkB4W06wdlkgyvJtubO/I9NkI88hCFECbsEgoLc0VNkYmcSfw==",
            "dependencies": {
                "@cspotcode/source-map-support": "0.6.1",
                "@tsconfig/node10": "^1.0.7",
                "@tsconfig/node12": "^1.0.7",
                "@tsconfig/node14": "^1.0.0",
                "@tsconfig/node16": "^1.0.2",
                "acorn": "^8.4.1",
                "acorn-walk": "^8.1.1",
                "arg": "^4.1.0",
                "create-require": "^1.1.0",
                "diff": "^4.0.1",
                "make-error": "^1.1.1",
                "yn": "3.1.1"
            },
            "bin": {
                "ts-node": "dist/bin.js",
                "ts-node-cwd": "dist/bin-cwd.js",
                "ts-node-script": "dist/bin-script.js",
                "ts-node-transpile-only": "dist/bin-transpile.js",
                "ts-script": "dist/bin-script-deprecated.js"
            },
            "engines": {
                "node": ">=12.0.0"
            },
            "peerDependencies": {
                "@swc/core": ">=1.2.50",
                "@swc/wasm": ">=1.2.50",
                "@types/node": "*",
                "typescript": ">=2.7"
            },
            "peerDependenciesMeta": {
                "@swc/core": {
                    "optional": true
                },
                "@swc/wasm": {
                    "optional": true
                }
            }
        },
        "node_modules/typescript": {
            "version": "4.4.3",
            "resolved": "https://registry.npmjs.org/typescript/-/typescript-4.4.3.tgz",
            "integrity": "sha512-4xfscpisVgqqDfPaJo5vkd+Qd/ItkoagnHpufr+i2QCHBsNYp+G7UAoyFl8aPtx879u38wPV65rZ8qbGZijalA==",
            "bin": {
                "tsc": "bin/tsc",
                "tsserver": "bin/tsserver"
            },
            "engines": {
                "node": ">=4.2.0"
            }
        },
        "node_modules/yn": {
            "version": "3.1.1",
            "resolved": "https://registry.npmjs.org/yn/-/yn-3.1.1.tgz",
            "integrity": "sha512-Ux4ygGWsu2c7isFWe8Yu1YluJmqVhxqK2cLXNQA5AcC3QfbGNpM7fu0Y8b/z16pXLnFxZYvWhd3fhBY9DLmC6Q==",
            "engines": {
                "node": ">=6"
            }
        },
        "node_modules/zod": {
            "version": "3.8.2",
            "resolved": "https://registry.npmjs.org/zod/-/zod-3.8.2.tgz",
            "integrity": "sha512-kpwVRACazsOhELVt5h4R2pC2OndrqaBK4+z134TWOsnzn7n2uOYnSyvx0QAn410pl28CgVtkSi5ew7e/AgO0oA==",
            "funding": {
                "url": "https://github.com/sponsors/colinhacks"
            }
        }
    },
    "dependencies": {
        "@cspotcode/source-map-consumer": {
            "version": "0.8.0",
            "resolved": "https://registry.npmjs.org/@cspotcode/source-map-consumer/-/source-map-consumer-0.8.0.tgz",
            "integrity": "sha512-41qniHzTU8yAGbCp04ohlmSrZf8bkf/iJsl3V0dRGsQN/5GFfx+LbCSsCpp2gqrqjTVg/K6O8ycoV35JIwAzAg=="
        },
        "@cspotcode/source-map-support": {
            "version": "0.6.1",
            "resolved": "https://registry.npmjs.org/@cspotcode/source-map-support/-/source-map-support-0.6.1.tgz",
            "integrity": "sha512-DX3Z+T5dt1ockmPdobJS/FAsQPW4V4SrWEhD2iYQT2Cb2tQsiMnYxrcUH9By/Z3B+v0S5LMBkQtV/XOBbpLEOg==",
            "requires": {
                "@cspotcode/source-map-consumer": "0.8.0"
            }
        },
        "@tsconfig/node10": {
            "version": "1.0.8",
            "resolved": "https://registry.npmjs.org/@tsconfig/node10/-/node10-1.0.8.tgz",
            "integrity": "sha512-6XFfSQmMgq0CFLY1MslA/CPUfhIL919M1rMsa5lP2P097N2Wd1sSX0tx1u4olM16fLNhtHZpRhedZJphNJqmZg=="
        },
        "@tsconfig/node12": {
            "version": "1.0.9",
            "resolved": "https://registry.npmjs.org/@tsconfig/node12/-/node12-1.0.9.tgz",
            "integrity": "sha512-/yBMcem+fbvhSREH+s14YJi18sp7J9jpuhYByADT2rypfajMZZN4WQ6zBGgBKp53NKmqI36wFYDb3yaMPurITw=="
        },
        "@tsconfig/node14": {
            "version": "1.0.1",
            "resolved": "https://registry.npmjs.org/@tsconfig/node14/-/node14-1.0.1.tgz",
            "integrity": "sha512-509r2+yARFfHHE7T6Puu2jjkoycftovhXRqW328PDXTVGKihlb1P8Z9mMZH04ebyajfRY7dedfGynlrFHJUQCg=="
        },
        "@tsconfig/node16": {
            "version": "1.0.2",
            "resolved": "https://registry.npmjs.org/@tsconfig/node16/-/node16-1.0.2.tgz",
            "integrity": "sha512-eZxlbI8GZscaGS7kkc/trHTT5xgrjH3/1n2JDwusC9iahPKWMRvRjJSAN5mCXviuTGQ/lHnhvv8Q1YTpnfz9gA=="
        },
        "@types/node": {
            "version": "16.10.0",
            "resolved": "https://registry.npmjs.org/@types/node/-/node-16.10.0.tgz",
            "integrity": "sha512-In+/vAdT+kkHigDSN9lUDDmzsIyKn5efDcwmGGnBtZVHnBv1oDVn6vC0ckic9FxSm+X0BGJGECpI1ZOg60E21g=="
        },
        "acorn": {
            "version": "8.5.0",
            "resolved": "https://registry.npmjs.org/acorn/-/acorn-8.5.0.tgz",
            "integrity": "sha512-yXbYeFy+jUuYd3/CDcg2NkIYE991XYX/bje7LmjJigUciaeO1JR4XxXgCIV1/Zc/dRuFEyw1L0pbA+qynJkW5Q=="
        },
        "acorn-walk": {
            "version": "8.2.0",
            "resolved": "https://registry.npmjs.org/acorn-walk/-/acorn-walk-8.2.0.tgz",
            "integrity": "sha512-k+iyHEuPgSw6SbuDpGQM+06HQUa04DZ3o+F6CSzXMvvI5KMvnaEqXe+YVe555R9nn6GPt404fos4wcgpw12SDA=="
        },
        "arg": {
            "version": "4.1.3",
            "resolved": "https://registry.npmjs.org/arg/-/arg-4.1.3.tgz",
            "integrity": "sha512-58S9QDqG0Xx27YwPSt9fJxivjYl432YCwfDMfZ+71RAqUrZef7LrKQZ3LHLOwCS4FLNBplP533Zx895SeOCHvA=="
        },
        "buffer-from": {
            "version": "1.1.2",
            "resolved": "https://registry.npmjs.org/buffer-from/-/buffer-from-1.1.2.tgz",
            "integrity": "sha512-E+XQCRwSbaaiChtv6k6Dwgc+bx+Bs6vuKJHHl5kox/BaKbhiXzqQOwK4cO22yElGp2OCmjwVhT3HmxgyPGnJfQ=="
        },
        "create-require": {
            "version": "1.1.1",
            "resolved": "https://registry.npmjs.org/create-require/-/create-require-1.1.1.tgz",
            "integrity": "sha512-dcKFX3jn0MpIaXjisoRvexIJVEKzaq7z2rZKxf+MSr9TkdmHmsU4m2lcLojrj/FHl8mk5VxMmYA+ftRkP/3oKQ=="
        },
        "diff": {
            "version": "4.0.2",
            "resolved": "https://registry.npmjs.org/diff/-/diff-4.0.2.tgz",
            "integrity": "sha512-58lmxKSA4BNyLz+HHMUzlOEpg09FV+ev6ZMe3vJihgdxzgcwZ8VoEEPmALCZG9LmqfVoNMMKpttIYTVG6uDY7A=="
        },
        "esbuild": {
            "version": "0.13.2",
            "resolved": "https://registry.npmjs.org/esbuild/-/esbuild-0.13.2.tgz",
            "integrity": "sha512-/tpIqo45hyRREGqh7hsIut8GwY1X2n9IhKbIwRIXUO6IohzG3/RarSGX7dT2eNvYzIbQmelpX+ZyuIphE5u+Bw==",
            "requires": {
                "esbuild-android-arm64": "0.13.2",
                "esbuild-darwin-64": "0.13.2",
                "esbuild-darwin-arm64": "0.13.2",
                "esbuild-freebsd-64": "0.13.2",
                "esbuild-freebsd-arm64": "0.13.2",
                "esbuild-linux-32": "0.13.2",
                "esbuild-linux-64": "0.13.2",
                "esbuild-linux-arm": "0.13.2",
                "esbuild-linux-arm64": "0.13.2",
                "esbuild-linux-mips64le": "0.13.2",
                "esbuild-linux-ppc64le": "0.13.2",
                "esbuild-openbsd-64": "0.13.2",
                "esbuild-sunos-64": "0.13.2",
                "esbuild-windows-32": "0.13.2",
                "esbuild-windows-64": "0.13.2",
                "esbuild-windows-arm64": "0.13.2"
            }
        },
        "esbuild-android-arm64": {
            "version": "0.13.2",
            "resolved": "https://registry.npmjs.org/esbuild-android-arm64/-/esbuild-android-arm64-0.13.2.tgz",
            "integrity": "sha512-Eh2paXUWYqf5JgikdkC0LnhtjSC8tGAz/L2kJRlMC0o3DzOBIxcmT2fdzBerdhW4roY0bOExfcO6deI1qsxI/A==",
            "optional": true
        },
        "esbuild-darwin-64": {
            "version": "0.13.2",
            "resolved": "https://registry.npmjs.org/esbuild-darwin-64/-/esbuild-darwin-64-0.13.2.tgz",
            "integrity": "sha512-jqp6uXHIIAWZ8kxRqFjxyMmIE1cuSbINellwwigOgk44eLg74ls82oqjY72MbDAowPivQkOU/fF7tsyaGQf5Zg==",
            "optional": true
        },
        "esbuild-darwin-arm64": {
            "version": "0.13.2",
            "resolved": "https://registry.npmjs.org/esbuild-darwin-arm64/-/esbuild-darwin-arm64-0.13.2.tgz",
            "integrity": "sha512-bD4oAyPZdzOWEA/JoX0sAitOhjJRwhomhWMeyRyowtlVQhQleG2ijRUKTvkq4CAvSobrW5EnZxjvHNKJ5L7zJg==",
            "optional": true
        },
        "esbuild-freebsd-64": {
            "version": "0.13.2",
            "resolved": "https://registry.npmjs.org/esbuild-freebsd-64/-/esbuild-freebsd-64-0.13.2.tgz",
            "integrity": "sha512-fFJ0yc3lZyfwca+F5OPN/s+izozWryUQpN8aUMIdUkOa7UKX0h3xXrKnkDgdOo8vy3d1A6zHH0/4f2VJfEzLCg==",
            "optional": true
        },
        "esbuild-freebsd-arm64": {
            "version": "0.13.2",
            "resolved": "https://registry.npmjs.org/esbuild-freebsd-arm64/-/esbuild-freebsd-arm64-0.13.2.tgz",
            "integrity": "sha512-DWBZauEfjmqdfWxIacI+KBEim3ulOjtvK+WVm1bX67XlfyUVIkD915OIfT2EBhQUWmv+Z0tZZwskSMNj5DKojw==",
            "optional": true
        },
        "esbuild-linux-32": {
            "version": "0.13.2",
            "resolved": "https://registry.npmjs.org/esbuild-linux-32/-/esbuild-linux-32-0.13.2.tgz",
            "integrity": "sha512-Gt2rNqqRCRh1QQC2d83KP0iWIXWQYpns7l2+41a1n0PQxXkQ5AarpjjL9mUzdXtcZauNXbUvWwBKAuBTCW+XQg==",
            "optional": true
        },
        "esbuild-linux-64": {
            "version": "0.13.2",
            "resolved": "https://registry.npmjs.org/esbuild-linux-64/-/esbuild-linux-64-0.13.2.tgz",
            "integrity": "sha512-yT0D5Xly8oGHuqq975k1XUyULHzk3fN/ZlTY+awlU+nCFsYPZ43NE5msGpxlNQu8i6KOXQEke5GXN3y5d+Zd4g==",
            "optional": true
        },
        "esbuild-linux-arm": {
            "version": "0.13.2",
            "resolved": "https://registry.npmjs.org/esbuild-linux-arm/-/esbuild-linux-arm-0.13.2.tgz",
            "integrity": "sha512-KXeyotqj9jbvCjbSpwnxDE8E8jKoBgrgbJpOvvY5Zz7Pp2fAwu/94vWQtE/jPEJndY4C4MSs+ryJLFWzmLOa4w==",
            "optional": true
        },
        "esbuild-linux-arm64": {
            "version": "0.13.2",
            "resolved": "https://registry.npmjs.org/esbuild-linux-arm64/-/esbuild-linux-arm64-0.13.2.tgz",
            "integrity": "sha512-qwXL+3NDCWiC8RMKBBETpuOWdC+pUAUS+pwg9jJmapYblLdVKkyRtwF/ogj06TdYs6riSSNikW8HK/Xs0HHbbQ==",
            "optional": true
        },
        "esbuild-linux-mips64le": {
            "version": "0.13.2",
            "resolved": "https://registry.npmjs.org/esbuild-linux-mips64le/-/esbuild-linux-mips64le-0.13.2.tgz",
            "integrity": "sha512-sx8eheRX2XC2ppNAsbQm8/VUcU8XPYGpJK0BEyRefqHONz6u5Ib2guUdOz2Wh4YlbA7oOd482lHjprXSTwUcrQ==",
            "optional": true
        },
        "esbuild-linux-ppc64le": {
            "version": "0.13.2",
            "resolved": "https://registry.npmjs.org/esbuild-linux-ppc64le/-/esbuild-linux-ppc64le-0.13.2.tgz",
            "integrity": "sha512-y8iZ3qy2TIAKKsZ6xSopCztHOtGW9oiYDl22vQ0UIoVWjnfRKrbSzX7Y2F94y32hSvRWle6OhAIC+UpS5nQmIA==",
            "optional": true
        },
        "esbuild-openbsd-64": {
            "version": "0.13.2",
            "resolved": "https://registry.npmjs.org/esbuild-openbsd-64/-/esbuild-openbsd-64-0.13.2.tgz",
            "integrity": "sha512-g6AYrjBeV9OK624bw0KQ1TjHJQSW+X1Yicyd1NvDWqSFpMqKAjw7EUX4tA87mOFqv8BflPGr4f43ySgNvSVzIw==",
            "optional": true
        },
        "esbuild-sunos-64": {
            "version": "0.13.2",
            "resolved": "https://registry.npmjs.org/esbuild-sunos-64/-/esbuild-sunos-64-0.13.2.tgz",
            "integrity": "sha512-hIXvFIyrqwFd6v62XSra0ctCUXDS9Tu5D6QYbvnbhEoBmvD/TmEJRYRH48/+xmRifKJLzu6aegcrjAsDmaww7g==",
            "optional": true
        },
        "esbuild-windows-32": {
            "version": "0.13.2",
            "resolved": "https://registry.npmjs.org/esbuild-windows-32/-/esbuild-windows-32-0.13.2.tgz",
            "integrity": "sha512-Y767LG0NFkw0sPoDVOTKC5gaj4vURjjWfSCCDV5awpXXxBKOF2zsIp3aia4KvVoivoSSeRPk3emDd0OPHuPrKg==",
            "optional": true
        },
        "esbuild-windows-64": {
            "version": "0.13.2",
            "resolved": "https://registry.npmjs.org/esbuild-windows-64/-/esbuild-windows-64-0.13.2.tgz",
            "integrity": "sha512-01b59kVJUMasctn6lzswC0drchr7zO75QtF22o5w0nlOw0Zorw0loY/8i5choFuWc30gXJId9qBSc1zPvt7uEw==",
            "optional": true
        },
        "esbuild-windows-arm64": {
            "version": "0.13.2",
            "resolved": "https://registry.npmjs.org/esbuild-windows-arm64/-/esbuild-windows-arm64-0.13.2.tgz",
            "integrity": "sha512-HxyY604ytmh8NkPYyS1TdIB/bFS7DWd1hP90e8Ovo/elEdN5I13h0tyIatDYZkXKS0Ztk+9T/3h6K0fI1a/4tQ==",
            "optional": true
        },
        "make-error": {
            "version": "1.3.6",
            "resolved": "https://registry.npmjs.org/make-error/-/make-error-1.3.6.tgz",
            "integrity": "sha512-s8UhlNe7vPKomQhC1qFelMokr/Sc3AgNbso3n74mVPA5LTZwkB9NlXf4XPamLxJE8h0gh73rM94xvwRT2CVInw=="
        },
        "prettier": {
            "version": "2.4.1",
            "resolved": "https://registry.npmjs.org/prettier/-/prettier-2.4.1.tgz",
            "integrity": "sha512-9fbDAXSBcc6Bs1mZrDYb3XKzDLm4EXXL9sC1LqKP5rZkT6KRr/rf9amVUcODVXgguK/isJz0d0hP72WeaKWsvA=="
        },
        "source-map": {
            "version": "0.6.1",
            "resolved": "https://registry.npmjs.org/source-map/-/source-map-0.6.1.tgz",
            "integrity": "sha512-UjgapumWlbMhkBgzT7Ykc5YXUT46F0iKu8SGXq0bcwP5dz/h0Plj6enJqjz1Zbq2l5WaqYnrVbwWOWMyF3F47g=="
        },
        "source-map-support": {
            "version": "0.5.20",
            "resolved": "https://registry.npmjs.org/source-map-support/-/source-map-support-0.5.20.tgz",
            "integrity": "sha512-n1lZZ8Ve4ksRqizaBQgxXDgKwttHDhyfQjA6YZZn8+AroHbsIz+JjwxQDxbp+7y5OYCI8t1Yk7etjD9CRd2hIw==",
            "requires": {
                "buffer-from": "^1.0.0",
                "source-map": "^0.6.0"
            }
        },
        "ts-node": {
            "version": "10.2.1",
            "resolved": "https://registry.npmjs.org/ts-node/-/ts-node-10.2.1.tgz",
            "integrity": "sha512-hCnyOyuGmD5wHleOQX6NIjJtYVIO8bPP8F2acWkB4W06wdlkgyvJtubO/I9NkI88hCFECbsEgoLc0VNkYmcSfw==",
            "requires": {
                "@cspotcode/source-map-support": "0.6.1",
                "@tsconfig/node10": "^1.0.7",
                "@tsconfig/node12": "^1.0.7",
                "@tsconfig/node14": "^1.0.0",
                "@tsconfig/node16": "^1.0.2",
                "acorn": "^8.4.1",
                "acorn-walk": "^8.1.1",
                "arg": "^4.1.0",
                "create-require": "^1.1.0",
                "diff": "^4.0.1",
                "make-error": "^1.1.1",
                "yn": "3.1.1"
            }
        },
        "typescript": {
            "version": "4.4.3",
            "resolved": "https://registry.npmjs.org/typescript/-/typescript-4.4.3.tgz",
            "integrity": "sha512-4xfscpisVgqqDfPaJo5vkd+Qd/ItkoagnHpufr+i2QCHBsNYp+G7UAoyFl8aPtx879u38wPV65rZ8qbGZijalA=="
        },
        "yn": {
            "version": "3.1.1",
            "resolved": "https://registry.npmjs.org/yn/-/yn-3.1.1.tgz",
            "integrity": "sha512-Ux4ygGWsu2c7isFWe8Yu1YluJmqVhxqK2cLXNQA5AcC3QfbGNpM7fu0Y8b/z16pXLnFxZYvWhd3fhBY9DLmC6Q=="
        },
        "zod": {
            "version": "3.8.2",
            "resolved": "https://registry.npmjs.org/zod/-/zod-3.8.2.tgz",
            "integrity": "sha512-kpwVRACazsOhELVt5h4R2pC2OndrqaBK4+z134TWOsnzn7n2uOYnSyvx0QAn410pl28CgVtkSi5ew7e/AgO0oA=="
        }
    }
}
